// !$*UTF8*$!
{
	archiveVersion = 1;
	classes = {
	};
	objectVersion = 77;
	objects = {

/* Begin PBXContainerItemProxy section */
		C83CE80E2D4B421C002BE52C /* PBXContainerItemProxy */ = {
			isa = PBXContainerItemProxy;
			containerPortal = C83CE7F42D4B421A002BE52C /* Project object */;
			proxyType = 1;
			remoteGlobalIDString = C83CE7FB2D4B421A002BE52C;
			remoteInfo = TouchyBar;
		};
		C83CE8182D4B421C002BE52C /* PBXContainerItemProxy */ = {
			isa = PBXContainerItemProxy;
			containerPortal = C83CE7F42D4B421A002BE52C /* Project object */;
			proxyType = 1;
			remoteGlobalIDString = C83CE7FB2D4B421A002BE52C;
			remoteInfo = TouchyBar;
		};
/* End PBXContainerItemProxy section */

/* Begin PBXFileReference section */
		C83CE7FC2D4B421A002BE52C /* TouchyBar.app */ = {isa = PBXFileReference; explicitFileType = wrapper.application; includeInIndex = 0; path = TouchyBar.app; sourceTree = BUILT_PRODUCTS_DIR; };
		C83CE80D2D4B421C002BE52C /* TouchyBarTests.xctest */ = {isa = PBXFileReference; explicitFileType = wrapper.cfbundle; includeInIndex = 0; path = TouchyBarTests.xctest; sourceTree = BUILT_PRODUCTS_DIR; };
		C83CE8172D4B421C002BE52C /* TouchyBarUITests.xctest */ = {isa = PBXFileReference; explicitFileType = wrapper.cfbundle; includeInIndex = 0; path = TouchyBarUITests.xctest; sourceTree = BUILT_PRODUCTS_DIR; };
/* End PBXFileReference section */

/* Begin PBXFileSystemSynchronizedRootGroup section */
		C83CE7FE2D4B421A002BE52C /* TouchyBar */ = {
			isa = PBXFileSystemSynchronizedRootGroup;
			path = TouchyBar;
			sourceTree = "<group>";
		};
/* End PBXFileSystemSynchronizedRootGroup section */

/* Begin PBXFrameworksBuildPhase section */
		C83CE7F92D4B421A002BE52C /* Frameworks */ = {
			isa = PBXFrameworksBuildPhase;
			buildActionMask = 2147483647;
			files = (
			);
			runOnlyForDeploymentPostprocessing = 0;
		};
		C83CE80A2D4B421C002BE52C /* Frameworks */ = {
			isa = PBXFrameworksBuildPhase;
			buildActionMask = 2147483647;
			files = (
			);
			runOnlyForDeploymentPostprocessing = 0;
		};
		C83CE8142D4B421C002BE52C /* Frameworks */ = {
			isa = PBXFrameworksBuildPhase;
			buildActionMask = 2147483647;
			files = (
			);
			runOnlyForDeploymentPostprocessing = 0;
		};
/* End PBXFrameworksBuildPhase section */

/* Begin PBXGroup section */
		C83CE7F32D4B421A002BE52C = {
			isa = PBXGroup;
			children = (
				C83CE7FE2D4B421A002BE52C /* TouchyBar */,
				C83CE7FD2D4B421A002BE52C /* Products */,
			);
			sourceTree = "<group>";
		};
		C83CE7FD2D4B421A002BE52C /* Products */ = {
			isa = PBXGroup;
			children = (
				C83CE7FC2D4B421A002BE52C /* TouchyBar.app */,
				C83CE80D2D4B421C002BE52C /* TouchyBarTests.xctest */,
				C83CE8172D4B421C002BE52C /* TouchyBarUITests.xctest */,
			);
			name = Products;
			sourceTree = "<group>";
		};
/* End PBXGroup section */

/* Begin PBXNativeTarget section */
		C83CE7FB2D4B421A002BE52C /* TouchyBar */ = {
			isa = PBXNativeTarget;
			buildConfigurationList = C83CE8212D4B421C002BE52C /* Build configuration list for PBXNativeTarget "TouchyBar" */;
			buildPhases = (
				C83CE7F82D4B421A002BE52C /* Sources */,
				C83CE7F92D4B421A002BE52C /* Frameworks */,
				C83CE7FA2D4B421A002BE52C /* Resources */,
			);
			buildRules = (
			);
			dependencies = (
			);
			fileSystemSynchronizedGroups = (
				C83CE7FE2D4B421A002BE52C /* TouchyBar */,
			);
			name = TouchyBar;
			packageProductDependencies = (
			);
			productName = TouchyBar;
			productReference = C83CE7FC2D4B421A002BE52C /* TouchyBar.app */;
			productType = "com.apple.product-type.application";
		};
		C83CE80C2D4B421C002BE52C /* TouchyBarTests */ = {
			isa = PBXNativeTarget;
			buildConfigurationList = C83CE8242D4B421C002BE52C /* Build configuration list for PBXNativeTarget "TouchyBarTests" */;
			buildPhases = (
				C83CE8092D4B421C002BE52C /* Sources */,
				C83CE80A2D4B421C002BE52C /* Frameworks */,
				C83CE80B2D4B421C002BE52C /* Resources */,
			);
			buildRules = (
			);
			dependencies = (
				C83CE80F2D4B421C002BE52C /* PBXTargetDependency */,
			);
			name = TouchyBarTests;
			packageProductDependencies = (
			);
			productName = TouchyBarTests;
			productReference = C83CE80D2D4B421C002BE52C /* TouchyBarTests.xctest */;
			productType = "com.apple.product-type.bundle.unit-test";
		};
		C83CE8162D4B421C002BE52C /* TouchyBarUITests */ = {
			isa = PBXNativeTarget;
			buildConfigurationList = C83CE8272D4B421C002BE52C /* Build configuration list for PBXNativeTarget "TouchyBarUITests" */;
			buildPhases = (
				C83CE8132D4B421C002BE52C /* Sources */,
				C83CE8142D4B421C002BE52C /* Frameworks */,
				C83CE8152D4B421C002BE52C /* Resources */,
			);
			buildRules = (
			);
			dependencies = (
				C83CE8192D4B421C002BE52C /* PBXTargetDependency */,
			);
			name = TouchyBarUITests;
			packageProductDependencies = (
			);
			productName = TouchyBarUITests;
			productReference = C83CE8172D4B421C002BE52C /* TouchyBarUITests.xctest */;
			productType = "com.apple.product-type.bundle.ui-testing";
		};
/* End PBXNativeTarget section */

/* Begin PBXProject section */
		C83CE7F42D4B421A002BE52C /* Project object */ = {
			isa = PBXProject;
			attributes = {
				BuildIndependentTargetsInParallel = 1;
				LastSwiftUpdateCheck = 1620;
				LastUpgradeCheck = 1620;
				TargetAttributes = {
					C83CE7FB2D4B421A002BE52C = {
						CreatedOnToolsVersion = 16.2;
					};
					C83CE80C2D4B421C002BE52C = {
						CreatedOnToolsVersion = 16.2;
						TestTargetID = C83CE7FB2D4B421A002BE52C;
					};
					C83CE8162D4B421C002BE52C = {
						CreatedOnToolsVersion = 16.2;
						TestTargetID = C83CE7FB2D4B421A002BE52C;
					};
				};
			};
			buildConfigurationList = C83CE7F72D4B421A002BE52C /* Build configuration list for PBXProject "TouchyBar" */;
			developmentRegion = en;
			hasScannedForEncodings = 0;
			knownRegions = (
				en,
				Base,
			);
			mainGroup = C83CE7F32D4B421A002BE52C;
			minimizedProjectReferenceProxies = 1;
			preferredProjectObjectVersion = 77;
			productRefGroup = C83CE7FD2D4B421A002BE52C /* Products */;
			projectDirPath = "";
			projectRoot = "";
			targets = (
				C83CE7FB2D4B421A002BE52C /* TouchyBar */,
				C83CE80C2D4B421C002BE52C /* TouchyBarTests */,
				C83CE8162D4B421C002BE52C /* TouchyBarUITests */,
			);
		};
/* End PBXProject section */

/* Begin PBXResourcesBuildPhase section */
		C83CE7FA2D4B421A002BE52C /* Resources */ = {
			isa = PBXResourcesBuildPhase;
			buildActionMask = 2147483647;
			files = (
			);
			runOnlyForDeploymentPostprocessing = 0;
		};
		C83CE80B2D4B421C002BE52C /* Resources */ = {
			isa = PBXResourcesBuildPhase;
			buildActionMask = 2147483647;
			files = (
			);
			runOnlyForDeploymentPostprocessing = 0;
		};
		C83CE8152D4B421C002BE52C /* Resources */ = {
			isa = PBXResourcesBuildPhase;
			buildActionMask = 2147483647;
			files = (
			);
			runOnlyForDeploymentPostprocessing = 0;
		};
/* End PBXResourcesBuildPhase section */

/* Begin PBXSourcesBuildPhase section */
		C83CE7F82D4B421A002BE52C /* Sources */ = {
			isa = PBXSourcesBuildPhase;
			buildActionMask = 2147483647;
			files = (
			);
			runOnlyForDeploymentPostprocessing = 0;
		};
		C83CE8092D4B421C002BE52C /* Sources */ = {
			isa = PBXSourcesBuildPhase;
			buildActionMask = 2147483647;
			files = (
			);
			runOnlyForDeploymentPostprocessing = 0;
		};
		C83CE8132D4B421C002BE52C /* Sources */ = {
			isa = PBXSourcesBuildPhase;
			buildActionMask = 2147483647;
			files = (
			);
			runOnlyForDeploymentPostprocessing = 0;
		};
/* End PBXSourcesBuildPhase section */

/* Begin PBXTargetDependency section */
		C83CE80F2D4B421C002BE52C /* PBXTargetDependency */ = {
			isa = PBXTargetDependency;
			target = C83CE7FB2D4B421A002BE52C /* TouchyBar */;
			targetProxy = C83CE80E2D4B421C002BE52C /* PBXContainerItemProxy */;
		};
		C83CE8192D4B421C002BE52C /* PBXTargetDependency */ = {
			isa = PBXTargetDependency;
			target = C83CE7FB2D4B421A002BE52C /* TouchyBar */;
			targetProxy = C83CE8182D4B421C002BE52C /* PBXContainerItemProxy */;
		};
/* End PBXTargetDependency section */

/* Begin XCBuildConfiguration section */
		C83CE81F2D4B421C002BE52C /* Debug */ = {
			isa = XCBuildConfiguration;
			buildSettings = {
				ALWAYS_SEARCH_USER_PATHS = NO;
				ASSETCATALOG_COMPILER_GENERATE_SWIFT_ASSET_SYMBOL_EXTENSIONS = YES;
				CLANG_ANALYZER_NONNULL = YES;
				CLANG_ANALYZER_NUMBER_OBJECT_CONVERSION = YES_AGGRESSIVE;
				CLANG_CXX_LANGUAGE_STANDARD = "gnu++20";
				CLANG_ENABLE_MODULES = YES;
				CLANG_ENABLE_OBJC_ARC = YES;
				CLANG_ENABLE_OBJC_WEAK = YES;
				CLANG_WARN_BLOCK_CAPTURE_AUTORELEASING = YES;
				CLANG_WARN_BOOL_CONVERSION = YES;
				CLANG_WARN_COMMA = YES;
				CLANG_WARN_CONSTANT_CONVERSION = YES;
				CLANG_WARN_DEPRECATED_OBJC_IMPLEMENTATIONS = YES;
				CLANG_WARN_DIRECT_OBJC_ISA_USAGE = YES_ERROR;
				CLANG_WARN_DOCUMENTATION_COMMENTS = YES;
				CLANG_WARN_EMPTY_BODY = YES;
				CLANG_WARN_ENUM_CONVERSION = YES;
				CLANG_WARN_INFINITE_RECURSION = YES;
				CLANG_WARN_INT_CONVERSION = YES;
				CLANG_WARN_NON_LITERAL_NULL_CONVERSION = YES;
				CLANG_WARN_OBJC_IMPLICIT_RETAIN_SELF = YES;
				CLANG_WARN_OBJC_LITERAL_CONVERSION = YES;
				CLANG_WARN_OBJC_ROOT_CLASS = YES_ERROR;
				CLANG_WARN_QUOTED_INCLUDE_IN_FRAMEWORK_HEADER = YES;
				CLANG_WARN_RANGE_LOOP_ANALYSIS = YES;
				CLANG_WARN_STRICT_PROTOTYPES = YES;
				CLANG_WARN_SUSPICIOUS_MOVE = YES;
				CLANG_WARN_UNGUARDED_AVAILABILITY = YES_AGGRESSIVE;
				CLANG_WARN_UNREACHABLE_CODE = YES;
				CLANG_WARN__DUPLICATE_METHOD_MATCH = YES;
				COPY_PHASE_STRIP = NO;
				DEBUG_INFORMATION_FORMAT = dwarf;
				ENABLE_STRICT_OBJC_MSGSEND = YES;
				ENABLE_TESTABILITY = YES;
				ENABLE_USER_SCRIPT_SANDBOXING = YES;
				GCC_C_LANGUAGE_STANDARD = gnu17;
				GCC_DYNAMIC_NO_PIC = NO;
				GCC_NO_COMMON_BLOCKS = YES;
				GCC_OPTIMIZATION_LEVEL = 0;
				GCC_PREPROCESSOR_DEFINITIONS = (
					"DEBUG=1",
					"$(inherited)",
				);
				GCC_WARN_64_TO_32_BIT_CONVERSION = YES;
				GCC_WARN_ABOUT_RETURN_TYPE = YES_ERROR;
				GCC_WARN_UNDECLARED_SELECTOR = YES;
				GCC_WARN_UNINITIALIZED_AUTOS = YES_AGGRESSIVE;
				GCC_WARN_UNUSED_FUNCTION = YES;
				GCC_WARN_UNUSED_VARIABLE = YES;
				LOCALIZATION_PREFERS_STRING_CATALOGS = YES;
				MACOSX_DEPLOYMENT_TARGET = 15.2;
				MTL_ENABLE_DEBUG_INFO = INCLUDE_SOURCE;
				MTL_FAST_MATH = YES;
				ONLY_ACTIVE_ARCH = YES;
				SDKROOT = macosx;
				SWIFT_ACTIVE_COMPILATION_CONDITIONS = "DEBUG $(inherited)";
				SWIFT_OPTIMIZATION_LEVEL = "-Onone";
			};
			name = Debug;
		};
		C83CE8202D4B421C002BE52C /* Release */ = {
			isa = XCBuildConfiguration;
			buildSettings = {
				ALWAYS_SEARCH_USER_PATHS = NO;
				ASSETCATALOG_COMPILER_GENERATE_SWIFT_ASSET_SYMBOL_EXTENSIONS = YES;
				CLANG_ANALYZER_NONNULL = YES;
				CLANG_ANALYZER_NUMBER_OBJECT_CONVERSION = YES_AGGRESSIVE;
				CLANG_CXX_LANGUAGE_STANDARD = "gnu++20";
				CLANG_ENABLE_MODULES = YES;
				CLANG_ENABLE_OBJC_ARC = YES;
				CLANG_ENABLE_OBJC_WEAK = YES;
				CLANG_WARN_BLOCK_CAPTURE_AUTORELEASING = YES;
				CLANG_WARN_BOOL_CONVERSION = YES;
				CLANG_WARN_COMMA = YES;
				CLANG_WARN_CONSTANT_CONVERSION = YES;
				CLANG_WARN_DEPRECATED_OBJC_IMPLEMENTATIONS = YES;
				CLANG_WARN_DIRECT_OBJC_ISA_USAGE = YES_ERROR;
				CLANG_WARN_DOCUMENTATION_COMMENTS = YES;
				CLANG_WARN_EMPTY_BODY = YES;
				CLANG_WARN_ENUM_CONVERSION = YES;
				CLANG_WARN_INFINITE_RECURSION = YES;
				CLANG_WARN_INT_CONVERSION = YES;
				CLANG_WARN_NON_LITERAL_NULL_CONVERSION = YES;
				CLANG_WARN_OBJC_IMPLICIT_RETAIN_SELF = YES;
				CLANG_WARN_OBJC_LITERAL_CONVERSION = YES;
				CLANG_WARN_OBJC_ROOT_CLASS = YES_ERROR;
				CLANG_WARN_QUOTED_INCLUDE_IN_FRAMEWORK_HEADER = YES;
				CLANG_WARN_RANGE_LOOP_ANALYSIS = YES;
				CLANG_WARN_STRICT_PROTOTYPES = YES;
				CLANG_WARN_SUSPICIOUS_MOVE = YES;
				CLANG_WARN_UNGUARDED_AVAILABILITY = YES_AGGRESSIVE;
				CLANG_WARN_UNREACHABLE_CODE = YES;
				CLANG_WARN__DUPLICATE_METHOD_MATCH = YES;
				COPY_PHASE_STRIP = NO;
				DEBUG_INFORMATION_FORMAT = "dwarf-with-dsym";
				ENABLE_NS_ASSERTIONS = NO;
				ENABLE_STRICT_OBJC_MSGSEND = YES;
				ENABLE_USER_SCRIPT_SANDBOXING = YES;
				GCC_C_LANGUAGE_STANDARD = gnu17;
				GCC_NO_COMMON_BLOCKS = YES;
				GCC_WARN_64_TO_32_BIT_CONVERSION = YES;
				GCC_WARN_ABOUT_RETURN_TYPE = YES_ERROR;
				GCC_WARN_UNDECLARED_SELECTOR = YES;
				GCC_WARN_UNINITIALIZED_AUTOS = YES_AGGRESSIVE;
				GCC_WARN_UNUSED_FUNCTION = YES;
				GCC_WARN_UNUSED_VARIABLE = YES;
				LOCALIZATION_PREFERS_STRING_CATALOGS = YES;
				MACOSX_DEPLOYMENT_TARGET = 15.2;
				MTL_ENABLE_DEBUG_INFO = NO;
				MTL_FAST_MATH = YES;
				SDKROOT = macosx;
				SWIFT_COMPILATION_MODE = wholemodule;
			};
			name = Release;
		};
		C83CE8222D4B421C002BE52C /* Debug */ = {
			isa = XCBuildConfiguration;
			buildSettings = {
				ASSETCATALOG_COMPILER_APPICON_NAME = AppIcon;
				ASSETCATALOG_COMPILER_GLOBAL_ACCENT_COLOR_NAME = AccentColor;
				CODE_SIGN_ENTITLEMENTS = TouchyBar/TouchyBar.entitlements;
				CODE_SIGN_STYLE = Automatic;
				COMBINE_HIDPI_IMAGES = YES;
				CURRENT_PROJECT_VERSION = 1;
				GENERATE_INFOPLIST_FILE = YES;
				INFOPLIST_KEY_NSHumanReadableCopyright = "";
				INFOPLIST_KEY_NSMainStoryboardFile = Main;
				INFOPLIST_KEY_NSPrincipalClass = NSApplication;
				LD_RUNPATH_SEARCH_PATHS = (
					"$(inherited)",
					"@executable_path/../Frameworks",
				);
				MARKETING_VERSION = 1.0;
				PRODUCT_BUNDLE_IDENTIFIER = com.milad.TouchyBar;
				PRODUCT_NAME = "$(TARGET_NAME)";
				SWIFT_EMIT_LOC_STRINGS = YES;
				SWIFT_VERSION = 5.0;
			};
			name = Debug;
		};
		C83CE8232D4B421C002BE52C /* Release */ = {
			isa = XCBuildConfiguration;
			buildSettings = {
				ASSETCATALOG_COMPILER_APPICON_NAME = AppIcon;
				ASSETCATALOG_COMPILER_GLOBAL_ACCENT_COLOR_NAME = AccentColor;
				CODE_SIGN_ENTITLEMENTS = TouchyBar/TouchyBar.entitlements;
				CODE_SIGN_STYLE = Automatic;
				COMBINE_HIDPI_IMAGES = YES;
				CURRENT_PROJECT_VERSION = 1;
				GENERATE_INFOPLIST_FILE = YES;
				INFOPLIST_KEY_NSHumanReadableCopyright = "";
				INFOPLIST_KEY_NSMainStoryboardFile = Main;
				INFOPLIST_KEY_NSPrincipalClass = NSApplication;
				LD_RUNPATH_SEARCH_PATHS = (
					"$(inherited)",
					"@executable_path/../Frameworks",
				);
				MARKETING_VERSION = 1.0;
				PRODUCT_BUNDLE_IDENTIFIER = com.milad.TouchyBar;
				PRODUCT_NAME = "$(TARGET_NAME)";
				SWIFT_EMIT_LOC_STRINGS = YES;
				SWIFT_VERSION = 5.0;
			};
			name = Release;
		};
		C83CE8252D4B421C002BE52C /* Debug */ = {
			isa = XCBuildConfiguration;
			buildSettings = {
				BUNDLE_LOADER = "$(TEST_HOST)";
				CODE_SIGN_STYLE = Automatic;
				CURRENT_PROJECT_VERSION = 1;
				GENERATE_INFOPLIST_FILE = YES;
				MACOSX_DEPLOYMENT_TARGET = 15.2;
				MARKETING_VERSION = 1.0;
				PRODUCT_BUNDLE_IDENTIFIER = com.milad.TouchyBarTests;
				PRODUCT_NAME = "$(TARGET_NAME)";
				SWIFT_EMIT_LOC_STRINGS = NO;
				SWIFT_VERSION = 5.0;
				TEST_HOST = "$(BUILT_PRODUCTS_DIR)/TouchyBar.app/$(BUNDLE_EXECUTABLE_FOLDER_PATH)/TouchyBar";
			};
			name = Debug;
		};
		C83CE8262D4B421C002BE52C /* Release */ = {
			isa = XCBuildConfiguration;
			buildSettings = {
				BUNDLE_LOADER = "$(TEST_HOST)";
				CODE_SIGN_STYLE = Automatic;
				CURRENT_PROJECT_VERSION = 1;
				GENERATE_INFOPLIST_FILE = YES;
				MACOSX_DEPLOYMENT_TARGET = 15.2;
				MARKETING_VERSION = 1.0;
				PRODUCT_BUNDLE_IDENTIFIER = com.milad.TouchyBarTests;
				PRODUCT_NAME = "$(TARGET_NAME)";
				SWIFT_EMIT_LOC_STRINGS = NO;
				SWIFT_VERSION = 5.0;
				TEST_HOST = "$(BUILT_PRODUCTS_DIR)/TouchyBar.app/$(BUNDLE_EXECUTABLE_FOLDER_PATH)/TouchyBar";
			};
			name = Release;
		};
		C83CE8282D4B421C002BE52C /* Debug */ = {
			isa = XCBuildConfiguration;
			buildSettings = {
				CODE_SIGN_STYLE = Automatic;
				CURRENT_PROJECT_VERSION = 1;
				GENERATE_INFOPLIST_FILE = YES;
				MARKETING_VERSION = 1.0;
				PRODUCT_BUNDLE_IDENTIFIER = com.milad.TouchyBarUITests;
				PRODUCT_NAME = "$(TARGET_NAME)";
				SWIFT_EMIT_LOC_STRINGS = NO;
				SWIFT_VERSION = 5.0;
				TEST_TARGET_NAME = TouchyBar;
			};
			name = Debug;
		};
		C83CE8292D4B421C002BE52C /* Release */ = {
			isa = XCBuildConfiguration;
			buildSettings = {
				CODE_SIGN_STYLE = Automatic;
				CURRENT_PROJECT_VERSION = 1;
				GENERATE_INFOPLIST_FILE = YES;
				MARKETING_VERSION = 1.0;
				PRODUCT_BUNDLE_IDENTIFIER = com.milad.TouchyBarUITests;
				PRODUCT_NAME = "$(TARGET_NAME)";
				SWIFT_EMIT_LOC_STRINGS = NO;
				SWIFT_VERSION = 5.0;
				TEST_TARGET_NAME = TouchyBar;
			};
			name = Release;
		};
/* End XCBuildConfiguration section */

/* Begin XCConfigurationList section */
		C83CE7F72D4B421A002BE52C /* Build configuration list for PBXProject "TouchyBar" */ = {
			isa = XCConfigurationList;
			buildConfigurations = (
				C83CE81F2D4B421C002BE52C /* Debug */,
				C83CE8202D4B421C002BE52C /* Release */,
			);
			defaultConfigurationIsVisible = 0;
			defaultConfigurationName = Release;
		};
		C83CE8212D4B421C002BE52C /* Build configuration list for PBXNativeTarget "TouchyBar" */ = {
			isa = XCConfigurationList;
			buildConfigurations = (
				C83CE8222D4B421C002BE52C /* Debug */,
				C83CE8232D4B421C002BE52C /* Release */,
			);
			defaultConfigurationIsVisible = 0;
			defaultConfigurationName = Release;
		};
		C83CE8242D4B421C002BE52C /* Build configuration list for PBXNativeTarget "TouchyBarTests" */ = {
			isa = XCConfigurationList;
			buildConfigurations = (
				C83CE8252D4B421C002BE52C /* Debug */,
				C83CE8262D4B421C002BE52C /* Release */,
			);
			defaultConfigurationIsVisible = 0;
			defaultConfigurationName = Release;
		};
		C83CE8272D4B421C002BE52C /* Build configuration list for PBXNativeTarget "TouchyBarUITests" */ = {
			isa = XCConfigurationList;
			buildConfigurations = (
				C83CE8282D4B421C002BE52C /* Debug */,
				C83CE8292D4B421C002BE52C /* Release */,
			);
			defaultConfigurationIsVisible = 0;
			defaultConfigurationName = Release;
		};
/* End XCConfigurationList section */
	};
	rootObject = C83CE7F42D4B421A002BE52C /* Project object */;
}
